{
    "_meta": {
        "hash": {
            "sha256": "f0e4e5ab63bea4a49f938bebecae1cd6da34d8cb0ea8843c20239b6f8b08ed93"
        },
        "host-environment-markers": {
            "implementation_name": "cpython",
            "implementation_version": "0",
            "os_name": "posix",
            "platform_machine": "armv7l",
            "platform_python_implementation": "CPython",
            "platform_release": "4.9.41-v7+",
            "platform_system": "Linux",
            "platform_version": "#1023 SMP Tue Aug 8 16:00:15 BST 2017",
            "python_full_version": "2.7.13",
            "python_version": "2.7",
            "sys_platform": "linux2"
        },
        "pipfile-spec": 3,
        "requires": {},
        "sources": [
            {
                "url": "https://pypi.python.org/simple",
                "verify_ssl": true
            }
        ]
    },
    "default": {
        "meld3": {
            "hashes": [
                "sha256:b28a9bfac342aadb4557aa144bea9f8e6208bfb0596190570d10a892d35ff7dc",
                "sha256:f7b754a0fde7a4429b2ebe49409db240b5699385a572501bb0d5627d299f9558"
            ],
            "version": "==1.0.2"
        },
        "supervisor": {
            "hashes": [
                "sha256:96287ebfabf9a6923f74123b056c4da39c617fef367980f007cac02fba6527ad"
            ],
            "version": "==3.3.3"
        }
    },
    "develop": {}
}
